
Microsoft Visual Studio Solution File, Format Version 12.00
# Visual Studio Version 16
VisualStudioVersion = 16.0.30717.126
MinimumVisualStudioVersion = 10.0.40219.1
Project("{FAE04EC0-301F-11D3-BF4B-00C04F79EFBC}") = "PhoneBook", "PhoneBook\PhoneBook.csproj", "{EEC79B38-128C-430B-AA38-FA246AC483B1}"
EndProject
Global
	GlobalSection(SolutionConfigurationPlatforms) = preSolution
		Debug|Any CPU = Debug|Any CPU
		Release|Any CPU = Release|Any CPU
	EndGlobalSection
	GlobalSection(ProjectConfigurationPlatforms) = postSolution
		{EEC79B38-128C-430B-AA38-FA246AC483B1}.Debug|Any CPU.ActiveCfg = Debug|Any CPU
		{EEC79B38-128C-430B-AA38-FA246AC483B1}.Debug|Any CPU.Build.0 = Debug|Any CPU
		{EEC79B38-128C-430B-AA38-FA246AC483B1}.Release|Any CPU.ActiveCfg = Release|Any CPU
		{EEC79B38-128C-430B-AA38-FA246AC483B1}.Release|Any CPU.Build.0 = Release|Any CPU
	EndGlobalSection
	GlobalSection(SolutionProperties) = preSolution
		HideSolutionNode = FALSE
	EndGlobalSection
	GlobalSection(ExtensibilityGlobals) = postSolution
		SolutionGuid = {557A39DE-8E23-4CDF-B820-3E7E70143656}
	EndGlobalSection
EndGlobal
