
Microsoft Visual Studio Solution File, Format Version 12.00
# Visual Studio 15
VisualStudioVersion = 15.0.27130.2027
MinimumVisualStudioVersion = 10.0.40219.1
Project("{FAE04EC0-301F-11D3-BF4B-00C04F79EFBC}") = "CreationalSingleton", "CreationalSingleton\CreationalSingleton.csproj", "{752D55BE-F5D2-4DED-8C35-050D26A3AD8F}"
EndProject
Global
	GlobalSection(SolutionConfigurationPlatforms) = preSolution
		Debug|Any CPU = Debug|Any CPU
		Release|Any CPU = Release|Any CPU
	EndGlobalSection
	GlobalSection(ProjectConfigurationPlatforms) = postSolution
		{752D55BE-F5D2-4DED-8C35-050D26A3AD8F}.Debug|Any CPU.ActiveCfg = Debug|Any CPU
		{752D55BE-F5D2-4DED-8C35-050D26A3AD8F}.Debug|Any CPU.Build.0 = Debug|Any CPU
		{752D55BE-F5D2-4DED-8C35-050D26A3AD8F}.Release|Any CPU.ActiveCfg = Release|Any CPU
		{752D55BE-F5D2-4DED-8C35-050D26A3AD8F}.Release|Any CPU.Build.0 = Release|Any CPU
	EndGlobalSection
	GlobalSection(SolutionProperties) = preSolution
		HideSolutionNode = FALSE
	EndGlobalSection
	GlobalSection(ExtensibilityGlobals) = postSolution
		SolutionGuid = {CDC2A3C5-B0C4-45F4-B7B8-7839C9501887}
	EndGlobalSection
EndGlobal
