
Microsoft Visual Studio Solution File, Format Version 12.00
# Visual Studio 15
VisualStudioVersion = 15.0.27130.2027
MinimumVisualStudioVersion = 10.0.40219.1
Project("{FAE04EC0-301F-11D3-BF4B-00C04F79EFBC}") = "CreationalBuilder", "CreationalBuilder\CreationalBuilder.csproj", "{F41A6273-1443-43EF-89AA-4425871DDEBC}"
EndProject
Global
	GlobalSection(SolutionConfigurationPlatforms) = preSolution
		Debug|Any CPU = Debug|Any CPU
		Release|Any CPU = Release|Any CPU
	EndGlobalSection
	GlobalSection(ProjectConfigurationPlatforms) = postSolution
		{F41A6273-1443-43EF-89AA-4425871DDEBC}.Debug|Any CPU.ActiveCfg = Debug|Any CPU
		{F41A6273-1443-43EF-89AA-4425871DDEBC}.Debug|Any CPU.Build.0 = Debug|Any CPU
		{F41A6273-1443-43EF-89AA-4425871DDEBC}.Release|Any CPU.ActiveCfg = Release|Any CPU
		{F41A6273-1443-43EF-89AA-4425871DDEBC}.Release|Any CPU.Build.0 = Release|Any CPU
	EndGlobalSection
	GlobalSection(SolutionProperties) = preSolution
		HideSolutionNode = FALSE
	EndGlobalSection
	GlobalSection(ExtensibilityGlobals) = postSolution
		SolutionGuid = {F7C334ED-813D-4725-A086-13BB1DAB6C75}
	EndGlobalSection
EndGlobal
