
Microsoft Visual Studio Solution File, Format Version 12.00
# Visual Studio Version 16
VisualStudioVersion = 16.0.30717.126
MinimumVisualStudioVersion = 10.0.40219.1
Project("{FAE04EC0-301F-11D3-BF4B-00C04F79EFBC}") = "FirstWcfService", "FirstWcfService\FirstWcfService.csproj", "{903AFAF7-92CE-4735-83D5-D7768D9EF52F}"
EndProject
Project("{FAE04EC0-301F-11D3-BF4B-00C04F79EFBC}") = "DTO", "DTO\DTO.csproj", "{6724D06C-BD88-4222-9F4F-2292FB26072A}"
EndProject
Project("{FAE04EC0-301F-11D3-BF4B-00C04F79EFBC}") = "Repository", "Repository\Repository.csproj", "{0C6580D6-36F2-445F-9404-F572F2A850BE}"
EndProject
Project("{FAE04EC0-301F-11D3-BF4B-00C04F79EFBC}") = "Business", "Business\Business.csproj", "{83B1BEDE-DD68-4BC1-8A91-9F37348228E4}"
EndProject
Global
	GlobalSection(SolutionConfigurationPlatforms) = preSolution
		Debug|Any CPU = Debug|Any CPU
		Release|Any CPU = Release|Any CPU
	EndGlobalSection
	GlobalSection(ProjectConfigurationPlatforms) = postSolution
		{903AFAF7-92CE-4735-83D5-D7768D9EF52F}.Debug|Any CPU.ActiveCfg = Debug|Any CPU
		{903AFAF7-92CE-4735-83D5-D7768D9EF52F}.Debug|Any CPU.Build.0 = Debug|Any CPU
		{903AFAF7-92CE-4735-83D5-D7768D9EF52F}.Release|Any CPU.ActiveCfg = Release|Any CPU
		{903AFAF7-92CE-4735-83D5-D7768D9EF52F}.Release|Any CPU.Build.0 = Release|Any CPU
		{6724D06C-BD88-4222-9F4F-2292FB26072A}.Debug|Any CPU.ActiveCfg = Debug|Any CPU
		{6724D06C-BD88-4222-9F4F-2292FB26072A}.Debug|Any CPU.Build.0 = Debug|Any CPU
		{6724D06C-BD88-4222-9F4F-2292FB26072A}.Release|Any CPU.ActiveCfg = Release|Any CPU
		{6724D06C-BD88-4222-9F4F-2292FB26072A}.Release|Any CPU.Build.0 = Release|Any CPU
		{0C6580D6-36F2-445F-9404-F572F2A850BE}.Debug|Any CPU.ActiveCfg = Debug|Any CPU
		{0C6580D6-36F2-445F-9404-F572F2A850BE}.Debug|Any CPU.Build.0 = Debug|Any CPU
		{0C6580D6-36F2-445F-9404-F572F2A850BE}.Release|Any CPU.ActiveCfg = Release|Any CPU
		{0C6580D6-36F2-445F-9404-F572F2A850BE}.Release|Any CPU.Build.0 = Release|Any CPU
		{83B1BEDE-DD68-4BC1-8A91-9F37348228E4}.Debug|Any CPU.ActiveCfg = Debug|Any CPU
		{83B1BEDE-DD68-4BC1-8A91-9F37348228E4}.Debug|Any CPU.Build.0 = Debug|Any CPU
		{83B1BEDE-DD68-4BC1-8A91-9F37348228E4}.Release|Any CPU.ActiveCfg = Release|Any CPU
		{83B1BEDE-DD68-4BC1-8A91-9F37348228E4}.Release|Any CPU.Build.0 = Release|Any CPU
	EndGlobalSection
	GlobalSection(SolutionProperties) = preSolution
		HideSolutionNode = FALSE
	EndGlobalSection
	GlobalSection(ExtensibilityGlobals) = postSolution
		SolutionGuid = {ED35BEC8-5A8B-4B22-BAA4-7FF2A9ED2D26}
	EndGlobalSection
EndGlobal
