
Microsoft Visual Studio Solution File, Format Version 12.00
# Visual Studio 15
VisualStudioVersion = 15.0.27130.2027
MinimumVisualStudioVersion = 10.0.40219.1
Project("{FAE04EC0-301F-11D3-BF4B-00C04F79EFBC}") = "StructuralAdapter", "StructuralAdapter\StructuralAdapter.csproj", "{84E759AB-E0B3-4F6C-AC5F-6E9ADA28F2A2}"
EndProject
Global
	GlobalSection(SolutionConfigurationPlatforms) = preSolution
		Debug|Any CPU = Debug|Any CPU
		Release|Any CPU = Release|Any CPU
	EndGlobalSection
	GlobalSection(ProjectConfigurationPlatforms) = postSolution
		{84E759AB-E0B3-4F6C-AC5F-6E9ADA28F2A2}.Debug|Any CPU.ActiveCfg = Debug|Any CPU
		{84E759AB-E0B3-4F6C-AC5F-6E9ADA28F2A2}.Debug|Any CPU.Build.0 = Debug|Any CPU
		{84E759AB-E0B3-4F6C-AC5F-6E9ADA28F2A2}.Release|Any CPU.ActiveCfg = Release|Any CPU
		{84E759AB-E0B3-4F6C-AC5F-6E9ADA28F2A2}.Release|Any CPU.Build.0 = Release|Any CPU
	EndGlobalSection
	GlobalSection(SolutionProperties) = preSolution
		HideSolutionNode = FALSE
	EndGlobalSection
	GlobalSection(ExtensibilityGlobals) = postSolution
		SolutionGuid = {94BA651E-DC5C-4C24-B78D-469664405B18}
	EndGlobalSection
EndGlobal
