
Microsoft Visual Studio Solution File, Format Version 12.00
# Visual Studio Version 16
VisualStudioVersion = 16.0.30717.126
MinimumVisualStudioVersion = 10.0.40219.1
Project("{FAE04EC0-301F-11D3-BF4B-00C04F79EFBC}") = "Hesap Makinesi", "Hesap Makinesi\Hesap Makinesi.csproj", "{CED0894D-4819-4491-A461-97DDD77A5D1A}"
EndProject
Global
	GlobalSection(SolutionConfigurationPlatforms) = preSolution
		Debug|Any CPU = Debug|Any CPU
		Release|Any CPU = Release|Any CPU
	EndGlobalSection
	GlobalSection(ProjectConfigurationPlatforms) = postSolution
		{CED0894D-4819-4491-A461-97DDD77A5D1A}.Debug|Any CPU.ActiveCfg = Debug|Any CPU
		{CED0894D-4819-4491-A461-97DDD77A5D1A}.Debug|Any CPU.Build.0 = Debug|Any CPU
		{CED0894D-4819-4491-A461-97DDD77A5D1A}.Release|Any CPU.ActiveCfg = Release|Any CPU
		{CED0894D-4819-4491-A461-97DDD77A5D1A}.Release|Any CPU.Build.0 = Release|Any CPU
	EndGlobalSection
	GlobalSection(SolutionProperties) = preSolution
		HideSolutionNode = FALSE
	EndGlobalSection
	GlobalSection(ExtensibilityGlobals) = postSolution
		SolutionGuid = {48165C6A-C1AC-4F3E-BDCE-9BB4009DAF71}
	EndGlobalSection
EndGlobal
