
Microsoft Visual Studio Solution File, Format Version 12.00
# Visual Studio Version 16
VisualStudioVersion = 16.0.31205.134
MinimumVisualStudioVersion = 10.0.40219.1
Project("{FAE04EC0-301F-11D3-BF4B-00C04F79EFBC}") = "Mayin Tarlasi", "Mayin Tarlasi\Mayin Tarlasi.csproj", "{7456AF6A-8C3F-404E-B834-918EC01141D2}"
EndProject
Global
	GlobalSection(SolutionConfigurationPlatforms) = preSolution
		Debug|Any CPU = Debug|Any CPU
		Release|Any CPU = Release|Any CPU
	EndGlobalSection
	GlobalSection(ProjectConfigurationPlatforms) = postSolution
		{7456AF6A-8C3F-404E-B834-918EC01141D2}.Debug|Any CPU.ActiveCfg = Debug|Any CPU
		{7456AF6A-8C3F-404E-B834-918EC01141D2}.Debug|Any CPU.Build.0 = Debug|Any CPU
		{7456AF6A-8C3F-404E-B834-918EC01141D2}.Release|Any CPU.ActiveCfg = Release|Any CPU
		{7456AF6A-8C3F-404E-B834-918EC01141D2}.Release|Any CPU.Build.0 = Release|Any CPU
	EndGlobalSection
	GlobalSection(SolutionProperties) = preSolution
		HideSolutionNode = FALSE
	EndGlobalSection
	GlobalSection(ExtensibilityGlobals) = postSolution
		SolutionGuid = {F02014A0-FC59-4DE6-B442-AB9A0D2AE8B2}
	EndGlobalSection
EndGlobal
