
Microsoft Visual Studio Solution File, Format Version 12.00
# Visual Studio Version 16
VisualStudioVersion = 16.0.31205.134
MinimumVisualStudioVersion = 10.0.40219.1
Project("{FAE04EC0-301F-11D3-BF4B-00C04F79EFBC}") = "At Yarisi v2", "At Yarisi v2\At Yarisi v2.csproj", "{FD7B2211-34F4-496E-8807-CA424FB14D20}"
EndProject
Global
	GlobalSection(SolutionConfigurationPlatforms) = preSolution
		Debug|Any CPU = Debug|Any CPU
		Release|Any CPU = Release|Any CPU
	EndGlobalSection
	GlobalSection(ProjectConfigurationPlatforms) = postSolution
		{FD7B2211-34F4-496E-8807-CA424FB14D20}.Debug|Any CPU.ActiveCfg = Debug|Any CPU
		{FD7B2211-34F4-496E-8807-CA424FB14D20}.Debug|Any CPU.Build.0 = Debug|Any CPU
		{FD7B2211-34F4-496E-8807-CA424FB14D20}.Release|Any CPU.ActiveCfg = Release|Any CPU
		{FD7B2211-34F4-496E-8807-CA424FB14D20}.Release|Any CPU.Build.0 = Release|Any CPU
	EndGlobalSection
	GlobalSection(SolutionProperties) = preSolution
		HideSolutionNode = FALSE
	EndGlobalSection
	GlobalSection(ExtensibilityGlobals) = postSolution
		SolutionGuid = {AA0448CC-E781-4701-93BA-3643D8FBFD68}
	EndGlobalSection
EndGlobal
