
Microsoft Visual Studio Solution File, Format Version 12.00
# Visual Studio Version 16
VisualStudioVersion = 16.0.31105.61
MinimumVisualStudioVersion = 10.0.40219.1
Project("{FAE04EC0-301F-11D3-BF4B-00C04F79EFBC}") = "OOP_Class_Sample", "OOP_Class_Sample\OOP_Class_Sample.csproj", "{845F955D-844C-46DE-BB4F-5F1E74FF4DA4}"
EndProject
Global
	GlobalSection(SolutionConfigurationPlatforms) = preSolution
		Debug|Any CPU = Debug|Any CPU
		Release|Any CPU = Release|Any CPU
	EndGlobalSection
	GlobalSection(ProjectConfigurationPlatforms) = postSolution
		{845F955D-844C-46DE-BB4F-5F1E74FF4DA4}.Debug|Any CPU.ActiveCfg = Debug|Any CPU
		{845F955D-844C-46DE-BB4F-5F1E74FF4DA4}.Debug|Any CPU.Build.0 = Debug|Any CPU
		{845F955D-844C-46DE-BB4F-5F1E74FF4DA4}.Release|Any CPU.ActiveCfg = Release|Any CPU
		{845F955D-844C-46DE-BB4F-5F1E74FF4DA4}.Release|Any CPU.Build.0 = Release|Any CPU
	EndGlobalSection
	GlobalSection(SolutionProperties) = preSolution
		HideSolutionNode = FALSE
	EndGlobalSection
	GlobalSection(ExtensibilityGlobals) = postSolution
		SolutionGuid = {DD0A7EFF-56A0-4BBC-99BD-C84CDBA474B8}
	EndGlobalSection
EndGlobal
