
Microsoft Visual Studio Solution File, Format Version 12.00
# Visual Studio Version 16
VisualStudioVersion = 16.0.31410.357
MinimumVisualStudioVersion = 10.0.40219.1
Project("{F184B08F-C81C-45F6-A57F-5ABD9991F28F}") = "WebApplication1", "WebApplication1\WebApplication1.vbproj", "{2CCE6363-D39E-4CCF-B0FA-711410239900}"
EndProject
Global
	GlobalSection(SolutionConfigurationPlatforms) = preSolution
		Debug|Any CPU = Debug|Any CPU
		Release|Any CPU = Release|Any CPU
	EndGlobalSection
	GlobalSection(ProjectConfigurationPlatforms) = postSolution
		{2CCE6363-D39E-4CCF-B0FA-711410239900}.Debug|Any CPU.ActiveCfg = Debug|Any CPU
		{2CCE6363-D39E-4CCF-B0FA-711410239900}.Debug|Any CPU.Build.0 = Debug|Any CPU
		{2CCE6363-D39E-4CCF-B0FA-711410239900}.Release|Any CPU.ActiveCfg = Release|Any CPU
		{2CCE6363-D39E-4CCF-B0FA-711410239900}.Release|Any CPU.Build.0 = Release|Any CPU
	EndGlobalSection
	GlobalSection(SolutionProperties) = preSolution
		HideSolutionNode = FALSE
	EndGlobalSection
	GlobalSection(ExtensibilityGlobals) = postSolution
		SolutionGuid = {89948D08-29B2-4D12-9E8C-37AA95D1A4D6}
	EndGlobalSection
EndGlobal
