
Microsoft Visual Studio Solution File, Format Version 12.00
# Visual Studio Version 16
VisualStudioVersion = 16.0.30717.126
MinimumVisualStudioVersion = 10.0.40219.1
Project("{FAE04EC0-301F-11D3-BF4B-00C04F79EFBC}") = "AdoNetSample", "AdoNetSample\AdoNetSample.csproj", "{62AE2A35-F8D6-4EDD-90D5-BE4CC509DCD5}"
EndProject
Project("{FAE04EC0-301F-11D3-BF4B-00C04F79EFBC}") = "EntityFrameworkCodeFirstSample", "EntityFrameworkCodeFirstSample\EntityFrameworkCodeFirstSample.csproj", "{2C215918-784B-466A-A34A-558487BCB00B}"
EndProject
Global
	GlobalSection(SolutionConfigurationPlatforms) = preSolution
		Debug|Any CPU = Debug|Any CPU
		Release|Any CPU = Release|Any CPU
	EndGlobalSection
	GlobalSection(ProjectConfigurationPlatforms) = postSolution
		{62AE2A35-F8D6-4EDD-90D5-BE4CC509DCD5}.Debug|Any CPU.ActiveCfg = Debug|Any CPU
		{62AE2A35-F8D6-4EDD-90D5-BE4CC509DCD5}.Debug|Any CPU.Build.0 = Debug|Any CPU
		{62AE2A35-F8D6-4EDD-90D5-BE4CC509DCD5}.Release|Any CPU.ActiveCfg = Release|Any CPU
		{62AE2A35-F8D6-4EDD-90D5-BE4CC509DCD5}.Release|Any CPU.Build.0 = Release|Any CPU
		{2C215918-784B-466A-A34A-558487BCB00B}.Debug|Any CPU.ActiveCfg = Debug|Any CPU
		{2C215918-784B-466A-A34A-558487BCB00B}.Debug|Any CPU.Build.0 = Debug|Any CPU
		{2C215918-784B-466A-A34A-558487BCB00B}.Release|Any CPU.ActiveCfg = Release|Any CPU
		{2C215918-784B-466A-A34A-558487BCB00B}.Release|Any CPU.Build.0 = Release|Any CPU
	EndGlobalSection
	GlobalSection(SolutionProperties) = preSolution
		HideSolutionNode = FALSE
	EndGlobalSection
	GlobalSection(ExtensibilityGlobals) = postSolution
		SolutionGuid = {12D6B2BD-238D-4325-84C1-2AAC56CAD078}
	EndGlobalSection
EndGlobal
